
Microsoft Visual Studio Solution File, Format Version 12.00
# Visual Studio Version 16
VisualStudioVersion = 16.0.30804.86
MinimumVisualStudioVersion = 10.0.40219.1
Project("{FAE04EC0-301F-11D3-BF4B-00C04F79EFBC}") = "ConsumeRestfulProject.Android", "ConsumeRestfulProject\ConsumeRestfulProject.Android\ConsumeRestfulProject.Android.csproj", "{34552270-6230-4909-A5F7-51873786C3CF}"
EndProject
Project("{FAE04EC0-301F-11D3-BF4B-00C04F79EFBC}") = "ConsumeRestfulProject.iOS", "ConsumeRestfulProject\ConsumeRestfulProject.iOS\ConsumeRestfulProject.iOS.csproj", "{BE5E0459-0F9E-42BF-8EDD-61EE1A58E9C8}"
EndProject
Project("{FAE04EC0-301F-11D3-BF4B-00C04F79EFBC}") = "ConsumeRestfulProject", "ConsumeRestfulProject\ConsumeRestfulProject\ConsumeRestfulProject.csproj", "{A8507FBD-CBEA-4433-B549-CCC38EE92D20}"
EndProject
Global
	GlobalSection(SolutionConfigurationPlatforms) = preSolution
		Debug|Any CPU = Debug|Any CPU
		Debug|iPhone = Debug|iPhone
		Debug|iPhoneSimulator = Debug|iPhoneSimulator
		Release|Any CPU = Release|Any CPU
		Release|iPhone = Release|iPhone
		Release|iPhoneSimulator = Release|iPhoneSimulator
	EndGlobalSection
	GlobalSection(ProjectConfigurationPlatforms) = postSolution
		{34552270-6230-4909-A5F7-51873786C3CF}.Debug|Any CPU.ActiveCfg = Debug|Any CPU
		{34552270-6230-4909-A5F7-51873786C3CF}.Debug|Any CPU.Build.0 = Debug|Any CPU
		{34552270-6230-4909-A5F7-51873786C3CF}.Debug|Any CPU.Deploy.0 = Debug|Any CPU
		{34552270-6230-4909-A5F7-51873786C3CF}.Debug|iPhone.ActiveCfg = Debug|Any CPU
		{34552270-6230-4909-A5F7-51873786C3CF}.Debug|iPhone.Build.0 = Debug|Any CPU
		{34552270-6230-4909-A5F7-51873786C3CF}.Debug|iPhone.Deploy.0 = Debug|Any CPU
		{34552270-6230-4909-A5F7-51873786C3CF}.Debug|iPhoneSimulator.ActiveCfg = Debug|Any CPU
		{34552270-6230-4909-A5F7-51873786C3CF}.Debug|iPhoneSimulator.Build.0 = Debug|Any CPU
		{34552270-6230-4909-A5F7-51873786C3CF}.Debug|iPhoneSimulator.Deploy.0 = Debug|Any CPU
		{34552270-6230-4909-A5F7-51873786C3CF}.Release|Any CPU.ActiveCfg = Release|Any CPU
		{34552270-6230-4909-A5F7-51873786C3CF}.Release|Any CPU.Build.0 = Release|Any CPU
		{34552270-6230-4909-A5F7-51873786C3CF}.Release|Any CPU.Deploy.0 = Release|Any CPU
		{34552270-6230-4909-A5F7-51873786C3CF}.Release|iPhone.ActiveCfg = Release|Any CPU
		{34552270-6230-4909-A5F7-51873786C3CF}.Release|iPhone.Build.0 = Release|Any CPU
		{34552270-6230-4909-A5F7-51873786C3CF}.Release|iPhone.Deploy.0 = Release|Any CPU
		{34552270-6230-4909-A5F7-51873786C3CF}.Release|iPhoneSimulator.ActiveCfg = Release|Any CPU
		{34552270-6230-4909-A5F7-51873786C3CF}.Release|iPhoneSimulator.Build.0 = Release|Any CPU
		{34552270-6230-4909-A5F7-51873786C3CF}.Release|iPhoneSimulator.Deploy.0 = Release|Any CPU
		{BE5E0459-0F9E-42BF-8EDD-61EE1A58E9C8}.Debug|Any CPU.ActiveCfg = Debug|iPhone
		{BE5E0459-0F9E-42BF-8EDD-61EE1A58E9C8}.Debug|Any CPU.Build.0 = Debug|iPhone
		{BE5E0459-0F9E-42BF-8EDD-61EE1A58E9C8}.Debug|Any CPU.Deploy.0 = Debug|iPhone
		{BE5E0459-0F9E-42BF-8EDD-61EE1A58E9C8}.Debug|iPhone.ActiveCfg = Debug|iPhone
		{BE5E0459-0F9E-42BF-8EDD-61EE1A58E9C8}.Debug|iPhone.Build.0 = Debug|iPhone
		{BE5E0459-0F9E-42BF-8EDD-61EE1A58E9C8}.Debug|iPhone.Deploy.0 = Debug|iPhone
		{BE5E0459-0F9E-42BF-8EDD-61EE1A58E9C8}.Debug|iPhoneSimulator.ActiveCfg = Debug|iPhoneSimulator
		{BE5E0459-0F9E-42BF-8EDD-61EE1A58E9C8}.Debug|iPhoneSimulator.Build.0 = Debug|iPhoneSimulator
		{BE5E0459-0F9E-42BF-8EDD-61EE1A58E9C8}.Debug|iPhoneSimulator.Deploy.0 = Debug|iPhoneSimulator
		{BE5E0459-0F9E-42BF-8EDD-61EE1A58E9C8}.Release|Any CPU.ActiveCfg = Release|iPhoneSimulator
		{BE5E0459-0F9E-42BF-8EDD-61EE1A58E9C8}.Release|Any CPU.Build.0 = Release|iPhoneSimulator
		{BE5E0459-0F9E-42BF-8EDD-61EE1A58E9C8}.Release|Any CPU.Deploy.0 = Release|iPhoneSimulator
		{BE5E0459-0F9E-42BF-8EDD-61EE1A58E9C8}.Release|iPhone.ActiveCfg = Release|iPhone
		{BE5E0459-0F9E-42BF-8EDD-61EE1A58E9C8}.Release|iPhone.Build.0 = Release|iPhone
		{BE5E0459-0F9E-42BF-8EDD-61EE1A58E9C8}.Release|iPhone.Deploy.0 = Release|iPhone
		{BE5E0459-0F9E-42BF-8EDD-61EE1A58E9C8}.Release|iPhoneSimulator.ActiveCfg = Release|iPhoneSimulator
		{BE5E0459-0F9E-42BF-8EDD-61EE1A58E9C8}.Release|iPhoneSimulator.Build.0 = Release|iPhoneSimulator
		{BE5E0459-0F9E-42BF-8EDD-61EE1A58E9C8}.Release|iPhoneSimulator.Deploy.0 = Release|iPhoneSimulator
		{A8507FBD-CBEA-4433-B549-CCC38EE92D20}.Debug|Any CPU.ActiveCfg = Debug|Any CPU
		{A8507FBD-CBEA-4433-B549-CCC38EE92D20}.Debug|Any CPU.Build.0 = Debug|Any CPU
		{A8507FBD-CBEA-4433-B549-CCC38EE92D20}.Debug|Any CPU.Deploy.0 = Debug|Any CPU
		{A8507FBD-CBEA-4433-B549-CCC38EE92D20}.Debug|iPhone.ActiveCfg = Debug|Any CPU
		{A8507FBD-CBEA-4433-B549-CCC38EE92D20}.Debug|iPhone.Build.0 = Debug|Any CPU
		{A8507FBD-CBEA-4433-B549-CCC38EE92D20}.Debug|iPhone.Deploy.0 = Debug|Any CPU
		{A8507FBD-CBEA-4433-B549-CCC38EE92D20}.Debug|iPhoneSimulator.ActiveCfg = Debug|Any CPU
		{A8507FBD-CBEA-4433-B549-CCC38EE92D20}.Debug|iPhoneSimulator.Build.0 = Debug|Any CPU
		{A8507FBD-CBEA-4433-B549-CCC38EE92D20}.Debug|iPhoneSimulator.Deploy.0 = Debug|Any CPU
		{A8507FBD-CBEA-4433-B549-CCC38EE92D20}.Release|Any CPU.ActiveCfg = Release|Any CPU
		{A8507FBD-CBEA-4433-B549-CCC38EE92D20}.Release|Any CPU.Build.0 = Release|Any CPU
		{A8507FBD-CBEA-4433-B549-CCC38EE92D20}.Release|Any CPU.Deploy.0 = Release|Any CPU
		{A8507FBD-CBEA-4433-B549-CCC38EE92D20}.Release|iPhone.ActiveCfg = Release|Any CPU
		{A8507FBD-CBEA-4433-B549-CCC38EE92D20}.Release|iPhone.Build.0 = Release|Any CPU
		{A8507FBD-CBEA-4433-B549-CCC38EE92D20}.Release|iPhone.Deploy.0 = Release|Any CPU
		{A8507FBD-CBEA-4433-B549-CCC38EE92D20}.Release|iPhoneSimulator.ActiveCfg = Release|Any CPU
		{A8507FBD-CBEA-4433-B549-CCC38EE92D20}.Release|iPhoneSimulator.Build.0 = Release|Any CPU
		{A8507FBD-CBEA-4433-B549-CCC38EE92D20}.Release|iPhoneSimulator.Deploy.0 = Release|Any CPU
	EndGlobalSection
	GlobalSection(SolutionProperties) = preSolution
		HideSolutionNode = FALSE
	EndGlobalSection
	GlobalSection(ExtensibilityGlobals) = postSolution
		SolutionGuid = {AF722DF4-CEF4-4575-9354-9306781DE612}
	EndGlobalSection
EndGlobal
